
Microsoft Visual Studio Solution File, Format Version 12.00
# Visual Studio Version 17
VisualStudioVersion = 17.3.32825.248
MinimumVisualStudioVersion = 10.0.40219.1
Project("{FAE04EC0-301F-11D3-BF4B-00C04F79EFBC}") = "TP08", "TP08.csproj", "{D470BF31-8963-48CC-92BA-EB70C9F67AEA}"
EndProject
Global
	GlobalSection(SolutionConfigurationPlatforms) = preSolution
		Debug|Any CPU = Debug|Any CPU
		Release|Any CPU = Release|Any CPU
	EndGlobalSection
	GlobalSection(ProjectConfigurationPlatforms) = postSolution
		{D470BF31-8963-48CC-92BA-EB70C9F67AEA}.Debug|Any CPU.ActiveCfg = Debug|Any CPU
		{D470BF31-8963-48CC-92BA-EB70C9F67AEA}.Debug|Any CPU.Build.0 = Debug|Any CPU
		{D470BF31-8963-48CC-92BA-EB70C9F67AEA}.Release|Any CPU.ActiveCfg = Release|Any CPU
		{D470BF31-8963-48CC-92BA-EB70C9F67AEA}.Release|Any CPU.Build.0 = Release|Any CPU
	EndGlobalSection
	GlobalSection(SolutionProperties) = preSolution
		HideSolutionNode = FALSE
	EndGlobalSection
	GlobalSection(ExtensibilityGlobals) = postSolution
		SolutionGuid = {04408965-A3EE-4C2E-94FA-1ADEBD5960B0}
	EndGlobalSection
EndGlobal
